
Microsoft Visual Studio Solution File, Format Version 12.00
# Visual Studio Version 17
VisualStudioVersion = 17.11.35312.102
MinimumVisualStudioVersion = 10.0.40219.1
Project("{FAE04EC0-301F-11D3-BF4B-00C04F79EFBC}") = "PersonalExpenseTracker", "PersonalExpenseTracker\PersonalExpenseTracker.csproj", "{76A75B26-A0F6-4848-9510-C8CCAE00BA44}"
EndProject
Global
	GlobalSection(SolutionConfigurationPlatforms) = preSolution
		Debug|Any CPU = Debug|Any CPU
		Release|Any CPU = Release|Any CPU
	EndGlobalSection
	GlobalSection(ProjectConfigurationPlatforms) = postSolution
		{76A75B26-A0F6-4848-9510-C8CCAE00BA44}.Debug|Any CPU.ActiveCfg = Debug|Any CPU
		{76A75B26-A0F6-4848-9510-C8CCAE00BA44}.Debug|Any CPU.Build.0 = Debug|Any CPU
		{76A75B26-A0F6-4848-9510-C8CCAE00BA44}.Debug|Any CPU.Deploy.0 = Debug|Any CPU
		{76A75B26-A0F6-4848-9510-C8CCAE00BA44}.Release|Any CPU.ActiveCfg = Release|Any CPU
		{76A75B26-A0F6-4848-9510-C8CCAE00BA44}.Release|Any CPU.Build.0 = Release|Any CPU
		{76A75B26-A0F6-4848-9510-C8CCAE00BA44}.Release|Any CPU.Deploy.0 = Release|Any CPU
	EndGlobalSection
	GlobalSection(SolutionProperties) = preSolution
		HideSolutionNode = FALSE
	EndGlobalSection
	GlobalSection(ExtensibilityGlobals) = postSolution
		SolutionGuid = {FF3CBB3B-B3EE-411A-B3E9-13EE2ECA275F}
	EndGlobalSection
EndGlobal
